// !$*UTF8*$!
{
	archiveVersion = 1;
	classes = {
	};
	objectVersion = 51;
	objects = {

/* Begin PBXBuildFile section */
		0925336125D5B00B00FD6C28 /* MovieTableViewCell.swift in Sources */ = {isa = PBXBuildFile; fileRef = 0925335F25D5B00B00FD6C28 /* MovieTableViewCell.swift */; };
		0925336225D5B00B00FD6C28 /* MovieTableViewCell.xib in Resources */ = {isa = PBXBuildFile; fileRef = 0925336025D5B00B00FD6C28 /* MovieTableViewCell.xib */; };
		0928836325D4C44A00810EDF /* Favorites.swift in Sources */ = {isa = PBXBuildFile; fileRef = 0928836225D4C44A00810EDF /* Favorites.swift */; };
		0928836525D4D32000810EDF /* FavoritesViewController.swift in Sources */ = {isa = PBXBuildFile; fileRef = 0928836425D4D32000810EDF /* FavoritesViewController.swift */; };
		097D653F25D389B30051149F /* DetailsViewController.swift in Sources */ = {isa = PBXBuildFile; fileRef = 097D653E25D389B30051149F /* DetailsViewController.swift */; };
		09F8001E25CB5DFA00169F8C /* AppDelegate.swift in Sources */ = {isa = PBXBuildFile; fileRef = 09F8001D25CB5DFA00169F8C /* AppDelegate.swift */; };
		09F8002025CB5DFA00169F8C /* ViewController.swift in Sources */ = {isa = PBXBuildFile; fileRef = 09F8001F25CB5DFA00169F8C /* ViewController.swift */; };
		09F8002325CB5DFA00169F8C /* Main.storyboard in Resources */ = {isa = PBXBuildFile; fileRef = 09F8002125CB5DFA00169F8C /* Main.storyboard */; };
		09F8002525CB5DFB00169F8C /* Assets.xcassets in Resources */ = {isa = PBXBuildFile; fileRef = 09F8002425CB5DFB00169F8C /* Assets.xcassets */; };
		09F8002825CB5DFB00169F8C /* LaunchScreen.storyboard in Resources */ = {isa = PBXBuildFile; fileRef = 09F8002625CB5DFB00169F8C /* LaunchScreen.storyboard */; };
		09F8003325CB5DFC00169F8C /* MoviesTests.swift in Sources */ = {isa = PBXBuildFile; fileRef = 09F8003225CB5DFC00169F8C /* MoviesTests.swift */; };
		09F8003E25CB60B400169F8C /* API.swift in Sources */ = {isa = PBXBuildFile; fileRef = 09F8003D25CB60B400169F8C /* API.swift */; };
		09F8004025CB60C300169F8C /* EndPoints.swift in Sources */ = {isa = PBXBuildFile; fileRef = 09F8003F25CB60C300169F8C /* EndPoints.swift */; };
		09F8004525CB684100169F8C /* Movies.swift in Sources */ = {isa = PBXBuildFile; fileRef = 09F8004425CB684100169F8C /* Movies.swift */; };
		09F8004725CB684D00169F8C /* Genres.swift in Sources */ = {isa = PBXBuildFile; fileRef = 09F8004625CB684D00169F8C /* Genres.swift */; };
		5ED9EF9FF8B12AD2EEA4387C /* Pods_MoviesTests.framework in Frameworks */ = {isa = PBXBuildFile; fileRef = 73BAA6B3A88779D3A4285426 /* Pods_MoviesTests.framework */; };
		7DD0C18040F4D5141FA2EFED /* Pods_Movies.framework in Frameworks */ = {isa = PBXBuildFile; fileRef = 7724B507C79C87FFC749C56D /* Pods_Movies.framework */; };
/* End PBXBuildFile section */

/* Begin PBXContainerItemProxy section */
		09F8002F25CB5DFC00169F8C /* PBXContainerItemProxy */ = {
			isa = PBXContainerItemProxy;
			containerPortal = 09F8001225CB5DFA00169F8C /* Project object */;
			proxyType = 1;
			remoteGlobalIDString = 09F8001925CB5DFA00169F8C;
			remoteInfo = InChurch;
		};
/* End PBXContainerItemProxy section */

/* Begin PBXFileReference section */
		0925335F25D5B00B00FD6C28 /* MovieTableViewCell.swift */ = {isa = PBXFileReference; lastKnownFileType = sourcecode.swift; path = MovieTableViewCell.swift; sourceTree = "<group>"; };
		0925336025D5B00B00FD6C28 /* MovieTableViewCell.xib */ = {isa = PBXFileReference; lastKnownFileType = file.xib; path = MovieTableViewCell.xib; sourceTree = "<group>"; };
		0928836225D4C44A00810EDF /* Favorites.swift */ = {isa = PBXFileReference; lastKnownFileType = sourcecode.swift; path = Favorites.swift; sourceTree = "<group>"; };
		0928836425D4D32000810EDF /* FavoritesViewController.swift */ = {isa = PBXFileReference; lastKnownFileType = sourcecode.swift; path = FavoritesViewController.swift; sourceTree = "<group>"; };
		097D653E25D389B30051149F /* DetailsViewController.swift */ = {isa = PBXFileReference; lastKnownFileType = sourcecode.swift; path = DetailsViewController.swift; sourceTree = "<group>"; };
		09F8001A25CB5DFA00169F8C /* Movies.app */ = {isa = PBXFileReference; explicitFileType = wrapper.application; includeInIndex = 0; path = Movies.app; sourceTree = BUILT_PRODUCTS_DIR; };
		09F8001D25CB5DFA00169F8C /* AppDelegate.swift */ = {isa = PBXFileReference; lastKnownFileType = sourcecode.swift; path = AppDelegate.swift; sourceTree = "<group>"; };
		09F8001F25CB5DFA00169F8C /* ViewController.swift */ = {isa = PBXFileReference; lastKnownFileType = sourcecode.swift; path = ViewController.swift; sourceTree = "<group>"; };
		09F8002225CB5DFA00169F8C /* Base */ = {isa = PBXFileReference; lastKnownFileType = file.storyboard; name = Base; path = Base.lproj/Main.storyboard; sourceTree = "<group>"; };
		09F8002425CB5DFB00169F8C /* Assets.xcassets */ = {isa = PBXFileReference; lastKnownFileType = folder.assetcatalog; path = Assets.xcassets; sourceTree = "<group>"; };
		09F8002725CB5DFB00169F8C /* Base */ = {isa = PBXFileReference; lastKnownFileType = file.storyboard; name = Base; path = Base.lproj/LaunchScreen.storyboard; sourceTree = "<group>"; };
		09F8002925CB5DFB00169F8C /* Info.plist */ = {isa = PBXFileReference; lastKnownFileType = text.plist.xml; path = Info.plist; sourceTree = "<group>"; };
		09F8002E25CB5DFB00169F8C /* MoviesTests.xctest */ = {isa = PBXFileReference; explicitFileType = wrapper.cfbundle; includeInIndex = 0; path = MoviesTests.xctest; sourceTree = BUILT_PRODUCTS_DIR; };
		09F8003225CB5DFC00169F8C /* MoviesTests.swift */ = {isa = PBXFileReference; lastKnownFileType = sourcecode.swift; path = MoviesTests.swift; sourceTree = "<group>"; };
		09F8003425CB5DFC00169F8C /* Info.plist */ = {isa = PBXFileReference; lastKnownFileType = text.plist.xml; path = Info.plist; sourceTree = "<group>"; };
		09F8003D25CB60B400169F8C /* API.swift */ = {isa = PBXFileReference; lastKnownFileType = sourcecode.swift; path = API.swift; sourceTree = "<group>"; };
		09F8003F25CB60C300169F8C /* EndPoints.swift */ = {isa = PBXFileReference; lastKnownFileType = sourcecode.swift; path = EndPoints.swift; sourceTree = "<group>"; };
		09F8004425CB684100169F8C /* Movies.swift */ = {isa = PBXFileReference; lastKnownFileType = sourcecode.swift; path = Movies.swift; sourceTree = "<group>"; };
		09F8004625CB684D00169F8C /* Genres.swift */ = {isa = PBXFileReference; lastKnownFileType = sourcecode.swift; path = Genres.swift; sourceTree = "<group>"; };
		4FFCF99EFFFD951F7F00DC14 /* Pods-MoviesTests.debug.xcconfig */ = {isa = PBXFileReference; includeInIndex = 1; lastKnownFileType = text.xcconfig; name = "Pods-MoviesTests.debug.xcconfig"; path = "Target Support Files/Pods-MoviesTests/Pods-MoviesTests.debug.xcconfig"; sourceTree = "<group>"; };
		560031A7686ECCD1974D813C /* Pods-Movies.debug.xcconfig */ = {isa = PBXFileReference; includeInIndex = 1; lastKnownFileType = text.xcconfig; name = "Pods-Movies.debug.xcconfig"; path = "Target Support Files/Pods-Movies/Pods-Movies.debug.xcconfig"; sourceTree = "<group>"; };
		73BAA6B3A88779D3A4285426 /* Pods_MoviesTests.framework */ = {isa = PBXFileReference; explicitFileType = wrapper.framework; includeInIndex = 0; path = Pods_MoviesTests.framework; sourceTree = BUILT_PRODUCTS_DIR; };
		7724B507C79C87FFC749C56D /* Pods_Movies.framework */ = {isa = PBXFileReference; explicitFileType = wrapper.framework; includeInIndex = 0; path = Pods_Movies.framework; sourceTree = BUILT_PRODUCTS_DIR; };
		DD9BB01EF08B126BC43E211B /* Pods-MoviesTests.release.xcconfig */ = {isa = PBXFileReference; includeInIndex = 1; lastKnownFileType = text.xcconfig; name = "Pods-MoviesTests.release.xcconfig"; path = "Target Support Files/Pods-MoviesTests/Pods-MoviesTests.release.xcconfig"; sourceTree = "<group>"; };
		E3084C718840EC9D5529681C /* Pods-Movies.release.xcconfig */ = {isa = PBXFileReference; includeInIndex = 1; lastKnownFileType = text.xcconfig; name = "Pods-Movies.release.xcconfig"; path = "Target Support Files/Pods-Movies/Pods-Movies.release.xcconfig"; sourceTree = "<group>"; };
/* End PBXFileReference section */

/* Begin PBXFrameworksBuildPhase section */
		09F8001725CB5DFA00169F8C /* Frameworks */ = {
			isa = PBXFrameworksBuildPhase;
			buildActionMask = 2147483647;
			files = (
				7DD0C18040F4D5141FA2EFED /* Pods_Movies.framework in Frameworks */,
			);
			runOnlyForDeploymentPostprocessing = 0;
		};
		09F8002B25CB5DFB00169F8C /* Frameworks */ = {
			isa = PBXFrameworksBuildPhase;
			buildActionMask = 2147483647;
			files = (
				5ED9EF9FF8B12AD2EEA4387C /* Pods_MoviesTests.framework in Frameworks */,
			);
			runOnlyForDeploymentPostprocessing = 0;
		};
/* End PBXFrameworksBuildPhase section */

/* Begin PBXGroup section */
		0925336325D5B01D00FD6C28 /* Cell */ = {
			isa = PBXGroup;
			children = (
				0925335F25D5B00B00FD6C28 /* MovieTableViewCell.swift */,
				0925336025D5B00B00FD6C28 /* MovieTableViewCell.xib */,
			);
			path = Cell;
			sourceTree = "<group>";
		};
		0974F61B25D624B3002062B9 /* Persistence */ = {
			isa = PBXGroup;
			children = (
				0928836225D4C44A00810EDF /* Favorites.swift */,
			);
			path = Persistence;
			sourceTree = "<group>";
		};
		09F8001125CB5DFA00169F8C = {
			isa = PBXGroup;
			children = (
				09F8001C25CB5DFA00169F8C /* Movies */,
				09F8003125CB5DFC00169F8C /* MoviesTests */,
				09F8001B25CB5DFA00169F8C /* Products */,
				2379AB297A4DE3FE402F1687 /* Pods */,
				F3CBADEDF37CC9AFCE4CF912 /* Frameworks */,
			);
			sourceTree = "<group>";
		};
		09F8001B25CB5DFA00169F8C /* Products */ = {
			isa = PBXGroup;
			children = (
				09F8001A25CB5DFA00169F8C /* Movies.app */,
				09F8002E25CB5DFB00169F8C /* MoviesTests.xctest */,
			);
			name = Products;
			sourceTree = "<group>";
		};
		09F8001C25CB5DFA00169F8C /* Movies */ = {
			isa = PBXGroup;
			children = (
				09F8001D25CB5DFA00169F8C /* AppDelegate.swift */,
				09F8004125CB60EA00169F8C /* Networking */,
				09F8004225CB610800169F8C /* Controllers */,
				09F8004325CB612300169F8C /* Views */,
				09F8002425CB5DFB00169F8C /* Assets.xcassets */,
				09F8002925CB5DFB00169F8C /* Info.plist */,
				0974F61B25D624B3002062B9 /* Persistence */,
				09F8004825CB685300169F8C /* Models */,
				0925336325D5B01D00FD6C28 /* Cell */,
			);
			path = Movies;
			sourceTree = "<group>";
		};
		09F8003125CB5DFC00169F8C /* MoviesTests */ = {
			isa = PBXGroup;
			children = (
				09F8003225CB5DFC00169F8C /* MoviesTests.swift */,
				09F8003425CB5DFC00169F8C /* Info.plist */,
			);
			path = MoviesTests;
			sourceTree = "<group>";
		};
		09F8004125CB60EA00169F8C /* Networking */ = {
			isa = PBXGroup;
			children = (
				09F8003D25CB60B400169F8C /* API.swift */,
				09F8003F25CB60C300169F8C /* EndPoints.swift */,
			);
			path = Networking;
			sourceTree = "<group>";
		};
		09F8004225CB610800169F8C /* Controllers */ = {
			isa = PBXGroup;
			children = (
				09F8001F25CB5DFA00169F8C /* ViewController.swift */,
				097D653E25D389B30051149F /* DetailsViewController.swift */,
				0928836425D4D32000810EDF /* FavoritesViewController.swift */,
			);
			path = Controllers;
			sourceTree = "<group>";
		};
		09F8004325CB612300169F8C /* Views */ = {
			isa = PBXGroup;
			children = (
				09F8002125CB5DFA00169F8C /* Main.storyboard */,
				09F8002625CB5DFB00169F8C /* LaunchScreen.storyboard */,
			);
			path = Views;
			sourceTree = "<group>";
		};
		09F8004825CB685300169F8C /* Models */ = {
			isa = PBXGroup;
			children = (
				09F8004425CB684100169F8C /* Movies.swift */,
				09F8004625CB684D00169F8C /* Genres.swift */,
			);
			path = Models;
			sourceTree = "<group>";
		};
		2379AB297A4DE3FE402F1687 /* Pods */ = {
			isa = PBXGroup;
			children = (
				560031A7686ECCD1974D813C /* Pods-Movies.debug.xcconfig */,
				E3084C718840EC9D5529681C /* Pods-Movies.release.xcconfig */,
				4FFCF99EFFFD951F7F00DC14 /* Pods-MoviesTests.debug.xcconfig */,
				DD9BB01EF08B126BC43E211B /* Pods-MoviesTests.release.xcconfig */,
			);
			path = Pods;
			sourceTree = "<group>";
		};
		F3CBADEDF37CC9AFCE4CF912 /* Frameworks */ = {
			isa = PBXGroup;
			children = (
				7724B507C79C87FFC749C56D /* Pods_Movies.framework */,
				73BAA6B3A88779D3A4285426 /* Pods_MoviesTests.framework */,
			);
			name = Frameworks;
			sourceTree = "<group>";
		};
/* End PBXGroup section */

/* Begin PBXNativeTarget section */
		09F8001925CB5DFA00169F8C /* Movies */ = {
			isa = PBXNativeTarget;
			buildConfigurationList = 09F8003725CB5DFC00169F8C /* Build configuration list for PBXNativeTarget "Movies" */;
			buildPhases = (
				BA0AFF61B81913017326CB33 /* [CP] Check Pods Manifest.lock */,
				09F8001625CB5DFA00169F8C /* Sources */,
				09F8001725CB5DFA00169F8C /* Frameworks */,
				09F8001825CB5DFA00169F8C /* Resources */,
				2C50A5349263E6686671724C /* [CP] Embed Pods Frameworks */,
			);
			buildRules = (
			);
			dependencies = (
			);
			name = Movies;
			productName = InChurch;
			productReference = 09F8001A25CB5DFA00169F8C /* Movies.app */;
			productType = "com.apple.product-type.application";
		};
		09F8002D25CB5DFB00169F8C /* MoviesTests */ = {
			isa = PBXNativeTarget;
			buildConfigurationList = 09F8003A25CB5DFC00169F8C /* Build configuration list for PBXNativeTarget "MoviesTests" */;
			buildPhases = (
				1F186248C8D3A8C9F6E177BD /* [CP] Check Pods Manifest.lock */,
				09F8002A25CB5DFB00169F8C /* Sources */,
				09F8002B25CB5DFB00169F8C /* Frameworks */,
				09F8002C25CB5DFB00169F8C /* Resources */,
			);
			buildRules = (
			);
			dependencies = (
				09F8003025CB5DFC00169F8C /* PBXTargetDependency */,
			);
			name = MoviesTests;
			productName = InChurchTests;
			productReference = 09F8002E25CB5DFB00169F8C /* MoviesTests.xctest */;
			productType = "com.apple.product-type.bundle.unit-test";
		};
/* End PBXNativeTarget section */

/* Begin PBXProject section */
		09F8001225CB5DFA00169F8C /* Project object */ = {
			isa = PBXProject;
			attributes = {
				LastSwiftUpdateCheck = 1010;
				LastUpgradeCheck = 1010;
				ORGANIZATIONNAME = "Kleyson Tavares";
				TargetAttributes = {
					09F8001925CB5DFA00169F8C = {
						CreatedOnToolsVersion = 10.1;
					};
					09F8002D25CB5DFB00169F8C = {
						CreatedOnToolsVersion = 10.1;
						TestTargetID = 09F8001925CB5DFA00169F8C;
					};
				};
			};
			buildConfigurationList = 09F8001525CB5DFA00169F8C /* Build configuration list for PBXProject "Movies" */;
			compatibilityVersion = "Xcode 9.3";
			developmentRegion = en;
			hasScannedForEncodings = 0;
			knownRegions = (
				en,
				Base,
			);
			mainGroup = 09F8001125CB5DFA00169F8C;
			productRefGroup = 09F8001B25CB5DFA00169F8C /* Products */;
			projectDirPath = "";
			projectRoot = "";
			targets = (
				09F8001925CB5DFA00169F8C /* Movies */,
				09F8002D25CB5DFB00169F8C /* MoviesTests */,
			);
		};
/* End PBXProject section */

/* Begin PBXResourcesBuildPhase section */
		09F8001825CB5DFA00169F8C /* Resources */ = {
			isa = PBXResourcesBuildPhase;
			buildActionMask = 2147483647;
			files = (
				09F8002825CB5DFB00169F8C /* LaunchScreen.storyboard in Resources */,
				09F8002525CB5DFB00169F8C /* Assets.xcassets in Resources */,
				0925336225D5B00B00FD6C28 /* MovieTableViewCell.xib in Resources */,
				09F8002325CB5DFA00169F8C /* Main.storyboard in Resources */,
			);
			runOnlyForDeploymentPostprocessing = 0;
		};
		09F8002C25CB5DFB00169F8C /* Resources */ = {
			isa = PBXResourcesBuildPhase;
			buildActionMask = 2147483647;
			files = (
			);
			runOnlyForDeploymentPostprocessing = 0;
		};
/* End PBXResourcesBuildPhase section */

/* Begin PBXShellScriptBuildPhase section */
		1F186248C8D3A8C9F6E177BD /* [CP] Check Pods Manifest.lock */ = {
			isa = PBXShellScriptBuildPhase;
			buildActionMask = 2147483647;
			files = (
			);
			inputFileListPaths = (
			);
			inputPaths = (
				"${PODS_PODFILE_DIR_PATH}/Podfile.lock",
				"${PODS_ROOT}/Manifest.lock",
			);
			name = "[CP] Check Pods Manifest.lock";
			outputFileListPaths = (
			);
			outputPaths = (
				"$(DERIVED_FILE_DIR)/Pods-MoviesTests-checkManifestLockResult.txt",
			);
			runOnlyForDeploymentPostprocessing = 0;
			shellPath = /bin/sh;
			shellScript = "diff \"${PODS_PODFILE_DIR_PATH}/Podfile.lock\" \"${PODS_ROOT}/Manifest.lock\" > /dev/null\nif [ $? != 0 ] ; then\n    # print error to STDERR\n    echo \"error: The sandbox is not in sync with the Podfile.lock. Run 'pod install' or update your CocoaPods installation.\" >&2\n    exit 1\nfi\n# This output is used by Xcode 'outputs' to avoid re-running this script phase.\necho \"SUCCESS\" > \"${SCRIPT_OUTPUT_FILE_0}\"\n";
			showEnvVarsInLog = 0;
		};
		2C50A5349263E6686671724C /* [CP] Embed Pods Frameworks */ = {
			isa = PBXShellScriptBuildPhase;
			buildActionMask = 2147483647;
			files = (
			);
			inputFileListPaths = (
				"${PODS_ROOT}/Target Support Files/Pods-Movies/Pods-Movies-frameworks-${CONFIGURATION}-input-files.xcfilelist",
			);
			name = "[CP] Embed Pods Frameworks";
			outputFileListPaths = (
				"${PODS_ROOT}/Target Support Files/Pods-Movies/Pods-Movies-frameworks-${CONFIGURATION}-output-files.xcfilelist",
			);
			runOnlyForDeploymentPostprocessing = 0;
			shellPath = /bin/sh;
			shellScript = "\"${PODS_ROOT}/Target Support Files/Pods-Movies/Pods-Movies-frameworks.sh\"\n";
			showEnvVarsInLog = 0;
		};
		BA0AFF61B81913017326CB33 /* [CP] Check Pods Manifest.lock */ = {
			isa = PBXShellScriptBuildPhase;
			buildActionMask = 2147483647;
			files = (
			);
			inputFileListPaths = (
			);
			inputPaths = (
				"${PODS_PODFILE_DIR_PATH}/Podfile.lock",
				"${PODS_ROOT}/Manifest.lock",
			);
			name = "[CP] Check Pods Manifest.lock";
			outputFileListPaths = (
			);
			outputPaths = (
				"$(DERIVED_FILE_DIR)/Pods-Movies-checkManifestLockResult.txt",
			);
			runOnlyForDeploymentPostprocessing = 0;
			shellPath = /bin/sh;
			shellScript = "diff \"${PODS_PODFILE_DIR_PATH}/Podfile.lock\" \"${PODS_ROOT}/Manifest.lock\" > /dev/null\nif [ $? != 0 ] ; then\n    # print error to STDERR\n    echo \"error: The sandbox is not in sync with the Podfile.lock. Run 'pod install' or update your CocoaPods installation.\" >&2\n    exit 1\nfi\n# This output is used by Xcode 'outputs' to avoid re-running this script phase.\necho \"SUCCESS\" > \"${SCRIPT_OUTPUT_FILE_0}\"\n";
			showEnvVarsInLog = 0;
		};
/* End PBXShellScriptBuildPhase section */

/* Begin PBXSourcesBuildPhase section */
		09F8001625CB5DFA00169F8C /* Sources */ = {
			isa = PBXSourcesBuildPhase;
			buildActionMask = 2147483647;
			files = (
				0925336125D5B00B00FD6C28 /* MovieTableViewCell.swift in Sources */,
				09F8004525CB684100169F8C /* Movies.swift in Sources */,
				0928836525D4D32000810EDF /* FavoritesViewController.swift in Sources */,
				09F8002025CB5DFA00169F8C /* ViewController.swift in Sources */,
				09F8004725CB684D00169F8C /* Genres.swift in Sources */,
				09F8003E25CB60B400169F8C /* API.swift in Sources */,
				097D653F25D389B30051149F /* DetailsViewController.swift in Sources */,
				0928836325D4C44A00810EDF /* Favorites.swift in Sources */,
				09F8004025CB60C300169F8C /* EndPoints.swift in Sources */,
				09F8001E25CB5DFA00169F8C /* AppDelegate.swift in Sources */,
			);
			runOnlyForDeploymentPostprocessing = 0;
		};
		09F8002A25CB5DFB00169F8C /* Sources */ = {
			isa = PBXSourcesBuildPhase;
			buildActionMask = 2147483647;
			files = (
				09F8003325CB5DFC00169F8C /* MoviesTests.swift in Sources */,
			);
			runOnlyForDeploymentPostprocessing = 0;
		};
/* End PBXSourcesBuildPhase section */

/* Begin PBXTargetDependency section */
		09F8003025CB5DFC00169F8C /* PBXTargetDependency */ = {
			isa = PBXTargetDependency;
			target = 09F8001925CB5DFA00169F8C /* Movies */;
			targetProxy = 09F8002F25CB5DFC00169F8C /* PBXContainerItemProxy */;
		};
/* End PBXTargetDependency section */

/* Begin PBXVariantGroup section */
		09F8002125CB5DFA00169F8C /* Main.storyboard */ = {
			isa = PBXVariantGroup;
			children = (
				09F8002225CB5DFA00169F8C /* Base */,
			);
			name = Main.storyboard;
			sourceTree = "<group>";
		};
		09F8002625CB5DFB00169F8C /* LaunchScreen.storyboard */ = {
			isa = PBXVariantGroup;
			children = (
				09F8002725CB5DFB00169F8C /* Base */,
			);
			name = LaunchScreen.storyboard;
			sourceTree = "<group>";
		};
/* End PBXVariantGroup section */

/* Begin XCBuildConfiguration section */
		09F8003525CB5DFC00169F8C /* Debug */ = {
			isa = XCBuildConfiguration;
			buildSettings = {
				ALWAYS_SEARCH_USER_PATHS = NO;
				CLANG_ANALYZER_NONNULL = YES;
				CLANG_ANALYZER_NUMBER_OBJECT_CONVERSION = YES_AGGRESSIVE;
				CLANG_CXX_LANGUAGE_STANDARD = "gnu++14";
				CLANG_CXX_LIBRARY = "libc++";
				CLANG_ENABLE_MODULES = YES;
				CLANG_ENABLE_OBJC_ARC = YES;
				CLANG_ENABLE_OBJC_WEAK = YES;
				CLANG_WARN_BLOCK_CAPTURE_AUTORELEASING = YES;
				CLANG_WARN_BOOL_CONVERSION = YES;
				CLANG_WARN_COMMA = YES;
				CLANG_WARN_CONSTANT_CONVERSION = YES;
				CLANG_WARN_DEPRECATED_OBJC_IMPLEMENTATIONS = YES;
				CLANG_WARN_DIRECT_OBJC_ISA_USAGE = YES_ERROR;
				CLANG_WARN_DOCUMENTATION_COMMENTS = YES;
				CLANG_WARN_EMPTY_BODY = YES;
				CLANG_WARN_ENUM_CONVERSION = YES;
				CLANG_WARN_INFINITE_RECURSION = YES;
				CLANG_WARN_INT_CONVERSION = YES;
				CLANG_WARN_NON_LITERAL_NULL_CONVERSION = YES;
				CLANG_WARN_OBJC_IMPLICIT_RETAIN_SELF = YES;
				CLANG_WARN_OBJC_LITERAL_CONVERSION = YES;
				CLANG_WARN_OBJC_ROOT_CLASS = YES_ERROR;
				CLANG_WARN_RANGE_LOOP_ANALYSIS = YES;
				CLANG_WARN_STRICT_PROTOTYPES = YES;
				CLANG_WARN_SUSPICIOUS_MOVE = YES;
				CLANG_WARN_UNGUARDED_AVAILABILITY = YES_AGGRESSIVE;
				CLANG_WARN_UNREACHABLE_CODE = YES;
				CLANG_WARN__DUPLICATE_METHOD_MATCH = YES;
				CODE_SIGN_IDENTITY = "iPhone Developer";
				COPY_PHASE_STRIP = NO;
				DEBUG_INFORMATION_FORMAT = dwarf;
				ENABLE_STRICT_OBJC_MSGSEND = YES;
				ENABLE_TESTABILITY = YES;
				GCC_C_LANGUAGE_STANDARD = gnu11;
				GCC_DYNAMIC_NO_PIC = NO;
				GCC_NO_COMMON_BLOCKS = YES;
				GCC_OPTIMIZATION_LEVEL = 0;
				GCC_PREPROCESSOR_DEFINITIONS = (
					"DEBUG=1",
					"$(inherited)",
				);
				GCC_WARN_64_TO_32_BIT_CONVERSION = YES;
				GCC_WARN_ABOUT_RETURN_TYPE = YES_ERROR;
				GCC_WARN_UNDECLARED_SELECTOR = YES;
				GCC_WARN_UNINITIALIZED_AUTOS = YES_AGGRESSIVE;
				GCC_WARN_UNUSED_FUNCTION = YES;
				GCC_WARN_UNUSED_VARIABLE = YES;
				IPHONEOS_DEPLOYMENT_TARGET = 12.1;
				MTL_ENABLE_DEBUG_INFO = INCLUDE_SOURCE;
				MTL_FAST_MATH = YES;
				ONLY_ACTIVE_ARCH = YES;
				SDKROOT = iphoneos;
				SWIFT_ACTIVE_COMPILATION_CONDITIONS = DEBUG;
				SWIFT_OPTIMIZATION_LEVEL = "-Onone";
			};
			name = Debug;
		};
		09F8003625CB5DFC00169F8C /* Release */ = {
			isa = XCBuildConfiguration;
			buildSettings = {
				ALWAYS_SEARCH_USER_PATHS = NO;
				CLANG_ANALYZER_NONNULL = YES;
				CLANG_ANALYZER_NUMBER_OBJECT_CONVERSION = YES_AGGRESSIVE;
				CLANG_CXX_LANGUAGE_STANDARD = "gnu++14";
				CLANG_CXX_LIBRARY = "libc++";
				CLANG_ENABLE_MODULES = YES;
				CLANG_ENABLE_OBJC_ARC = YES;
				CLANG_ENABLE_OBJC_WEAK = YES;
				CLANG_WARN_BLOCK_CAPTURE_AUTORELEASING = YES;
				CLANG_WARN_BOOL_CONVERSION = YES;
				CLANG_WARN_COMMA = YES;
				CLANG_WARN_CONSTANT_CONVERSION = YES;
				CLANG_WARN_DEPRECATED_OBJC_IMPLEMENTATIONS = YES;
				CLANG_WARN_DIRECT_OBJC_ISA_USAGE = YES_ERROR;
				CLANG_WARN_DOCUMENTATION_COMMENTS = YES;
				CLANG_WARN_EMPTY_BODY = YES;
				CLANG_WARN_ENUM_CONVERSION = YES;
				CLANG_WARN_INFINITE_RECURSION = YES;
				CLANG_WARN_INT_CONVERSION = YES;
				CLANG_WARN_NON_LITERAL_NULL_CONVERSION = YES;
				CLANG_WARN_OBJC_IMPLICIT_RETAIN_SELF = YES;
				CLANG_WARN_OBJC_LITERAL_CONVERSION = YES;
				CLANG_WARN_OBJC_ROOT_CLASS = YES_ERROR;
				CLANG_WARN_RANGE_LOOP_ANALYSIS = YES;
				CLANG_WARN_STRICT_PROTOTYPES = YES;
				CLANG_WARN_SUSPICIOUS_MOVE = YES;
				CLANG_WARN_UNGUARDED_AVAILABILITY = YES_AGGRESSIVE;
				CLANG_WARN_UNREACHABLE_CODE = YES;
				CLANG_WARN__DUPLICATE_METHOD_MATCH = YES;
				CODE_SIGN_IDENTITY = "iPhone Developer";
				COPY_PHASE_STRIP = NO;
				DEBUG_INFORMATION_FORMAT = "dwarf-with-dsym";
				ENABLE_NS_ASSERTIONS = NO;
				ENABLE_STRICT_OBJC_MSGSEND = YES;
				GCC_C_LANGUAGE_STANDARD = gnu11;
				GCC_NO_COMMON_BLOCKS = YES;
				GCC_WARN_64_TO_32_BIT_CONVERSION = YES;
				GCC_WARN_ABOUT_RETURN_TYPE = YES_ERROR;
				GCC_WARN_UNDECLARED_SELECTOR = YES;
				GCC_WARN_UNINITIALIZED_AUTOS = YES_AGGRESSIVE;
				GCC_WARN_UNUSED_FUNCTION = YES;
				GCC_WARN_UNUSED_VARIABLE = YES;
				IPHONEOS_DEPLOYMENT_TARGET = 12.1;
				MTL_ENABLE_DEBUG_INFO = NO;
				MTL_FAST_MATH = YES;
				SDKROOT = iphoneos;
				SWIFT_COMPILATION_MODE = wholemodule;
				SWIFT_OPTIMIZATION_LEVEL = "-O";
				VALIDATE_PRODUCT = YES;
			};
			name = Release;
		};
		09F8003825CB5DFC00169F8C /* Debug */ = {
			isa = XCBuildConfiguration;
			baseConfigurationReference = 560031A7686ECCD1974D813C /* Pods-Movies.debug.xcconfig */;
			buildSettings = {
				ASSETCATALOG_COMPILER_APPICON_NAME = AppIcon;
				CODE_SIGN_STYLE = Automatic;
				DEVELOPMENT_TEAM = 48VXLBS5Z4;
				INFOPLIST_FILE = Movies/Info.plist;
				LD_RUNPATH_SEARCH_PATHS = (
					"$(inherited)",
					"@executable_path/Frameworks",
				);
				PRODUCT_BUNDLE_IDENTIFIER = KST.InChurch;
				PRODUCT_NAME = "$(TARGET_NAME)";
				SWIFT_VERSION = 4.2;
				TARGETED_DEVICE_FAMILY = "1,2";
			};
			name = Debug;
		};
		09F8003925CB5DFC00169F8C /* Release */ = {
			isa = XCBuildConfiguration;
			baseConfigurationReference = E3084C718840EC9D5529681C /* Pods-Movies.release.xcconfig */;
			buildSettings = {
				ASSETCATALOG_COMPILER_APPICON_NAME = AppIcon;
				CODE_SIGN_STYLE = Automatic;
				DEVELOPMENT_TEAM = 48VXLBS5Z4;
				INFOPLIST_FILE = Movies/Info.plist;
				LD_RUNPATH_SEARCH_PATHS = (
					"$(inherited)",
					"@executable_path/Frameworks",
				);
				PRODUCT_BUNDLE_IDENTIFIER = KST.InChurch;
				PRODUCT_NAME = "$(TARGET_NAME)";
				SWIFT_VERSION = 4.2;
				TARGETED_DEVICE_FAMILY = "1,2";
			};
			name = Release;
		};
		09F8003B25CB5DFC00169F8C /* Debug */ = {
			isa = XCBuildConfiguration;
			baseConfigurationReference = 4FFCF99EFFFD951F7F00DC14 /* Pods-MoviesTests.debug.xcconfig */;
			buildSettings = {
				ALWAYS_EMBED_SWIFT_STANDARD_LIBRARIES = YES;
				BUNDLE_LOADER = "$(TEST_HOST)";
				CODE_SIGN_STYLE = Automatic;
				DEVELOPMENT_TEAM = 48VXLBS5Z4;
				INFOPLIST_FILE = MoviesTests/Info.plist;
				LD_RUNPATH_SEARCH_PATHS = (
					"$(inherited)",
					"@executable_path/Frameworks",
					"@loader_path/Frameworks",
				);
				PRODUCT_BUNDLE_IDENTIFIER = KST.InChurchTests;
				PRODUCT_NAME = "$(TARGET_NAME)";
				SWIFT_VERSION = 4.2;
				TARGETED_DEVICE_FAMILY = "1,2";
				TEST_HOST = "$(BUILT_PRODUCTS_DIR)/Movies.app/Movies";
			};
			name = Debug;
		};
		09F8003C25CB5DFC00169F8C /* Release */ = {
			isa = XCBuildConfiguration;
			baseConfigurationReference = DD9BB01EF08B126BC43E211B /* Pods-MoviesTests.release.xcconfig */;
			buildSettings = {
				ALWAYS_EMBED_SWIFT_STANDARD_LIBRARIES = YES;
				BUNDLE_LOADER = "$(TEST_HOST)";
				CODE_SIGN_STYLE = Automatic;
				DEVELOPMENT_TEAM = 48VXLBS5Z4;
				INFOPLIST_FILE = MoviesTests/Info.plist;
				LD_RUNPATH_SEARCH_PATHS = (
					"$(inherited)",
					"@executable_path/Frameworks",
					"@loader_path/Frameworks",
				);
				PRODUCT_BUNDLE_IDENTIFIER = KST.InChurchTests;
				PRODUCT_NAME = "$(TARGET_NAME)";
				SWIFT_VERSION = 4.2;
				TARGETED_DEVICE_FAMILY = "1,2";
				TEST_HOST = "$(BUILT_PRODUCTS_DIR)/Movies.app/Movies";
			};
			name = Release;
		};
/* End XCBuildConfiguration section */

/* Begin XCConfigurationList section */
		09F8001525CB5DFA00169F8C /* Build configuration list for PBXProject "Movies" */ = {
			isa = XCConfigurationList;
			buildConfigurations = (
				09F8003525CB5DFC00169F8C /* Debug */,
				09F8003625CB5DFC00169F8C /* Release */,
			);
			defaultConfigurationIsVisible = 0;
			defaultConfigurationName = Release;
		};
		09F8003725CB5DFC00169F8C /* Build configuration list for PBXNativeTarget "Movies" */ = {
			isa = XCConfigurationList;
			buildConfigurations = (
				09F8003825CB5DFC00169F8C /* Debug */,
				09F8003925CB5DFC00169F8C /* Release */,
			);
			defaultConfigurationIsVisible = 0;
			defaultConfigurationName = Release;
		};
		09F8003A25CB5DFC00169F8C /* Build configuration list for PBXNativeTarget "MoviesTests" */ = {
			isa = XCConfigurationList;
			buildConfigurations = (
				09F8003B25CB5DFC00169F8C /* Debug */,
				09F8003C25CB5DFC00169F8C /* Release */,
			);
			defaultConfigurationIsVisible = 0;
			defaultConfigurationName = Release;
		};
/* End XCConfigurationList section */
	};
	rootObject = 09F8001225CB5DFA00169F8C /* Project object */;
}
